
Microsoft Visual Studio Solution File, Format Version 12.00
# Visual Studio Version 17
VisualStudioVersion = 17.0.31903.59
MinimumVisualStudioVersion = 10.0.40219.1
Project("{2150E333-8FDC-42A3-9474-1A3956D46DE8}") = "Frontend", "Frontend", "{7D0DB4E2-C331-48B3-A5FC-03B92D7F4E26}"
EndProject
Project("{9A19103F-16F7-4668-BE54-9A1E7A4F7556}") = "TangoRestaurant.Web", "TangoRestaurant.Web\TangoRestaurant.Web.csproj", "{8B9A6078-FA3C-43DA-AAD3-2D7E00C1B07D}"
EndProject
Project("{2150E333-8FDC-42A3-9474-1A3956D46DE8}") = "Services", "Services", "{2A8EBC4B-C09A-47C4-A420-89FC40060ECA}"
EndProject
Project("{9A19103F-16F7-4668-BE54-9A1E7A4F7556}") = "TangoRestaurant.Services.ProductApi", "TangoRestaurant.ProductApi\TangoRestaurant.Services.ProductApi.csproj", "{EF1AD844-A4EA-47A5-80A8-453D3A9AEA08}"
EndProject
Project("{9A19103F-16F7-4668-BE54-9A1E7A4F7556}") = "TangoRestaurant.Services.Identity", "TangoRestaurant.Services.Identity\TangoRestaurant.Services.Identity.csproj", "{602B9B10-07FB-45A2-BBAB-9103C073D2E2}"
EndProject
Project("{9A19103F-16F7-4668-BE54-9A1E7A4F7556}") = "TangoRestaurant.Services.ShoppingCartApi", "TangoRestaurant.Services.ShoppingCartApi\TangoRestaurant.Services.ShoppingCartApi.csproj", "{E4FB2B46-0324-43D5-ACF7-A4130A6E44B2}"
EndProject
Project("{9A19103F-16F7-4668-BE54-9A1E7A4F7556}") = "TangoRestaurant.Services.CouponApi", "TangoRestaurant.Services.CouponApi\TangoRestaurant.Services.CouponApi.csproj", "{D42C3919-2A98-4892-AB4D-A8A9AC61ED51}"
EndProject
Project("{2150E333-8FDC-42A3-9474-1A3956D46DE8}") = "Integration", "Integration", "{819D796E-4CC1-4583-8335-FF8B4032E876}"
EndProject
Project("{9A19103F-16F7-4668-BE54-9A1E7A4F7556}") = "TangoRestaurant.MessageBus", "TangoRestaurant.MessageBus\TangoRestaurant.MessageBus.csproj", "{5EFF9760-E372-46D5-A278-992F732AF9DE}"
EndProject
Project("{9A19103F-16F7-4668-BE54-9A1E7A4F7556}") = "TangoRestaurant.Services.OrderApi", "TangoRestaurant.Services.OrderApi\TangoRestaurant.Services.OrderApi.csproj", "{5CDC6505-AEBB-4446-952C-337FCA6D5787}"
EndProject
Project("{2150E333-8FDC-42A3-9474-1A3956D46DE8}") = "PaymentGateway", "PaymentGateway", "{F5BD16FC-9484-48E8-9712-AA3A7D0EB805}"
EndProject
Project("{9A19103F-16F7-4668-BE54-9A1E7A4F7556}") = "TangoRestaurant.PaymentGateway", "TangoRestaurant.PaymentGateway\TangoRestaurant.PaymentGateway.csproj", "{66351EC0-186C-4762-9842-A8245DC509F5}"
EndProject
Project("{9A19103F-16F7-4668-BE54-9A1E7A4F7556}") = "TangoRestaurant.Services.PaymentApi", "TangoRestaurant.Services.PaymentApi\TangoRestaurant.Services.PaymentApi.csproj", "{08A2A579-AFFB-4622-8673-7FD5F304FE82}"
EndProject
Project("{FAE04EC0-301F-11D3-BF4B-00C04F79EFBC}") = "TangoRestaurant.Services.EmailApi", "TangoRestaurant.Services.EmailApi\TangoRestaurant.Services.EmailApi.csproj", "{53A51E4E-39A0-4265-9F87-5B170691B3D2}"
EndProject
Global
	GlobalSection(SolutionConfigurationPlatforms) = preSolution
		Debug|Any CPU = Debug|Any CPU
		Release|Any CPU = Release|Any CPU
	EndGlobalSection
	GlobalSection(ProjectConfigurationPlatforms) = postSolution
		{8B9A6078-FA3C-43DA-AAD3-2D7E00C1B07D}.Debug|Any CPU.ActiveCfg = Debug|Any CPU
		{8B9A6078-FA3C-43DA-AAD3-2D7E00C1B07D}.Debug|Any CPU.Build.0 = Debug|Any CPU
		{8B9A6078-FA3C-43DA-AAD3-2D7E00C1B07D}.Release|Any CPU.ActiveCfg = Release|Any CPU
		{8B9A6078-FA3C-43DA-AAD3-2D7E00C1B07D}.Release|Any CPU.Build.0 = Release|Any CPU
		{EF1AD844-A4EA-47A5-80A8-453D3A9AEA08}.Debug|Any CPU.ActiveCfg = Debug|Any CPU
		{EF1AD844-A4EA-47A5-80A8-453D3A9AEA08}.Debug|Any CPU.Build.0 = Debug|Any CPU
		{EF1AD844-A4EA-47A5-80A8-453D3A9AEA08}.Release|Any CPU.ActiveCfg = Release|Any CPU
		{EF1AD844-A4EA-47A5-80A8-453D3A9AEA08}.Release|Any CPU.Build.0 = Release|Any CPU
		{602B9B10-07FB-45A2-BBAB-9103C073D2E2}.Debug|Any CPU.ActiveCfg = Debug|Any CPU
		{602B9B10-07FB-45A2-BBAB-9103C073D2E2}.Debug|Any CPU.Build.0 = Debug|Any CPU
		{602B9B10-07FB-45A2-BBAB-9103C073D2E2}.Release|Any CPU.ActiveCfg = Release|Any CPU
		{602B9B10-07FB-45A2-BBAB-9103C073D2E2}.Release|Any CPU.Build.0 = Release|Any CPU
		{E4FB2B46-0324-43D5-ACF7-A4130A6E44B2}.Debug|Any CPU.ActiveCfg = Debug|Any CPU
		{E4FB2B46-0324-43D5-ACF7-A4130A6E44B2}.Debug|Any CPU.Build.0 = Debug|Any CPU
		{E4FB2B46-0324-43D5-ACF7-A4130A6E44B2}.Release|Any CPU.ActiveCfg = Release|Any CPU
		{E4FB2B46-0324-43D5-ACF7-A4130A6E44B2}.Release|Any CPU.Build.0 = Release|Any CPU
		{D42C3919-2A98-4892-AB4D-A8A9AC61ED51}.Debug|Any CPU.ActiveCfg = Debug|Any CPU
		{D42C3919-2A98-4892-AB4D-A8A9AC61ED51}.Debug|Any CPU.Build.0 = Debug|Any CPU
		{D42C3919-2A98-4892-AB4D-A8A9AC61ED51}.Release|Any CPU.ActiveCfg = Release|Any CPU
		{D42C3919-2A98-4892-AB4D-A8A9AC61ED51}.Release|Any CPU.Build.0 = Release|Any CPU
		{5EFF9760-E372-46D5-A278-992F732AF9DE}.Debug|Any CPU.ActiveCfg = Debug|Any CPU
		{5EFF9760-E372-46D5-A278-992F732AF9DE}.Debug|Any CPU.Build.0 = Debug|Any CPU
		{5EFF9760-E372-46D5-A278-992F732AF9DE}.Release|Any CPU.ActiveCfg = Release|Any CPU
		{5EFF9760-E372-46D5-A278-992F732AF9DE}.Release|Any CPU.Build.0 = Release|Any CPU
		{5CDC6505-AEBB-4446-952C-337FCA6D5787}.Debug|Any CPU.ActiveCfg = Debug|Any CPU
		{5CDC6505-AEBB-4446-952C-337FCA6D5787}.Debug|Any CPU.Build.0 = Debug|Any CPU
		{5CDC6505-AEBB-4446-952C-337FCA6D5787}.Release|Any CPU.ActiveCfg = Release|Any CPU
		{5CDC6505-AEBB-4446-952C-337FCA6D5787}.Release|Any CPU.Build.0 = Release|Any CPU
		{66351EC0-186C-4762-9842-A8245DC509F5}.Debug|Any CPU.ActiveCfg = Debug|Any CPU
		{66351EC0-186C-4762-9842-A8245DC509F5}.Debug|Any CPU.Build.0 = Debug|Any CPU
		{66351EC0-186C-4762-9842-A8245DC509F5}.Release|Any CPU.ActiveCfg = Release|Any CPU
		{66351EC0-186C-4762-9842-A8245DC509F5}.Release|Any CPU.Build.0 = Release|Any CPU
		{08A2A579-AFFB-4622-8673-7FD5F304FE82}.Debug|Any CPU.ActiveCfg = Debug|Any CPU
		{08A2A579-AFFB-4622-8673-7FD5F304FE82}.Debug|Any CPU.Build.0 = Debug|Any CPU
		{08A2A579-AFFB-4622-8673-7FD5F304FE82}.Release|Any CPU.ActiveCfg = Release|Any CPU
		{08A2A579-AFFB-4622-8673-7FD5F304FE82}.Release|Any CPU.Build.0 = Release|Any CPU
		{53A51E4E-39A0-4265-9F87-5B170691B3D2}.Debug|Any CPU.ActiveCfg = Debug|Any CPU
		{53A51E4E-39A0-4265-9F87-5B170691B3D2}.Debug|Any CPU.Build.0 = Debug|Any CPU
		{53A51E4E-39A0-4265-9F87-5B170691B3D2}.Release|Any CPU.ActiveCfg = Release|Any CPU
		{53A51E4E-39A0-4265-9F87-5B170691B3D2}.Release|Any CPU.Build.0 = Release|Any CPU
	EndGlobalSection
	GlobalSection(SolutionProperties) = preSolution
		HideSolutionNode = FALSE
	EndGlobalSection
	GlobalSection(NestedProjects) = preSolution
		{8B9A6078-FA3C-43DA-AAD3-2D7E00C1B07D} = {7D0DB4E2-C331-48B3-A5FC-03B92D7F4E26}
		{EF1AD844-A4EA-47A5-80A8-453D3A9AEA08} = {2A8EBC4B-C09A-47C4-A420-89FC40060ECA}
		{602B9B10-07FB-45A2-BBAB-9103C073D2E2} = {2A8EBC4B-C09A-47C4-A420-89FC40060ECA}
		{E4FB2B46-0324-43D5-ACF7-A4130A6E44B2} = {2A8EBC4B-C09A-47C4-A420-89FC40060ECA}
		{D42C3919-2A98-4892-AB4D-A8A9AC61ED51} = {2A8EBC4B-C09A-47C4-A420-89FC40060ECA}
		{5EFF9760-E372-46D5-A278-992F732AF9DE} = {819D796E-4CC1-4583-8335-FF8B4032E876}
		{5CDC6505-AEBB-4446-952C-337FCA6D5787} = {2A8EBC4B-C09A-47C4-A420-89FC40060ECA}
		{66351EC0-186C-4762-9842-A8245DC509F5} = {F5BD16FC-9484-48E8-9712-AA3A7D0EB805}
		{08A2A579-AFFB-4622-8673-7FD5F304FE82} = {2A8EBC4B-C09A-47C4-A420-89FC40060ECA}
		{53A51E4E-39A0-4265-9F87-5B170691B3D2} = {2A8EBC4B-C09A-47C4-A420-89FC40060ECA}
	EndGlobalSection
	GlobalSection(ExtensibilityGlobals) = postSolution
		SolutionGuid = {5443DFE6-61A7-4B90-B551-5BAD0582802E}
	EndGlobalSection
EndGlobal
